
Microsoft Visual Studio Solution File, Format Version 12.00
# Visual Studio Version 17
VisualStudioVersion = 17.3.32901.215
MinimumVisualStudioVersion = 10.0.40219.1
Project("{8BC9CEB8-8B4A-11D0-8D11-00A0C91BC942}") = "laba8.1(3)", "laba8.1(3)\laba8.1(3).vcxproj", "{96F75C9A-E96B-471E-8F8A-961379F3E949}"
EndProject
Project("{8BC9CEB8-8B4A-11D0-8D11-00A0C91BC942}") = "UnitTest8.1(3)", "UnitTest8.1(3)\UnitTest8.1(3).vcxproj", "{A8E41574-9642-4FFB-9D09-A93091F7FD7E}"
EndProject
Global
	GlobalSection(SolutionConfigurationPlatforms) = preSolution
		Debug|x64 = Debug|x64
		Debug|x86 = Debug|x86
		Release|x64 = Release|x64
		Release|x86 = Release|x86
	EndGlobalSection
	GlobalSection(ProjectConfigurationPlatforms) = postSolution
		{96F75C9A-E96B-471E-8F8A-961379F3E949}.Debug|x64.ActiveCfg = Debug|x64
		{96F75C9A-E96B-471E-8F8A-961379F3E949}.Debug|x64.Build.0 = Debug|x64
		{96F75C9A-E96B-471E-8F8A-961379F3E949}.Debug|x86.ActiveCfg = Debug|Win32
		{96F75C9A-E96B-471E-8F8A-961379F3E949}.Debug|x86.Build.0 = Debug|Win32
		{96F75C9A-E96B-471E-8F8A-961379F3E949}.Release|x64.ActiveCfg = Release|x64
		{96F75C9A-E96B-471E-8F8A-961379F3E949}.Release|x64.Build.0 = Release|x64
		{96F75C9A-E96B-471E-8F8A-961379F3E949}.Release|x86.ActiveCfg = Release|Win32
		{96F75C9A-E96B-471E-8F8A-961379F3E949}.Release|x86.Build.0 = Release|Win32
		{A8E41574-9642-4FFB-9D09-A93091F7FD7E}.Debug|x64.ActiveCfg = Debug|x64
		{A8E41574-9642-4FFB-9D09-A93091F7FD7E}.Debug|x64.Build.0 = Debug|x64
		{A8E41574-9642-4FFB-9D09-A93091F7FD7E}.Debug|x86.ActiveCfg = Debug|Win32
		{A8E41574-9642-4FFB-9D09-A93091F7FD7E}.Debug|x86.Build.0 = Debug|Win32
		{A8E41574-9642-4FFB-9D09-A93091F7FD7E}.Release|x64.ActiveCfg = Release|x64
		{A8E41574-9642-4FFB-9D09-A93091F7FD7E}.Release|x64.Build.0 = Release|x64
		{A8E41574-9642-4FFB-9D09-A93091F7FD7E}.Release|x86.ActiveCfg = Release|Win32
		{A8E41574-9642-4FFB-9D09-A93091F7FD7E}.Release|x86.Build.0 = Release|Win32
	EndGlobalSection
	GlobalSection(SolutionProperties) = preSolution
		HideSolutionNode = FALSE
	EndGlobalSection
	GlobalSection(ExtensibilityGlobals) = postSolution
		SolutionGuid = {9D4FC391-27E0-4654-AC4D-7AA79D02F5D5}
	EndGlobalSection
EndGlobal
